
Microsoft Visual Studio Solution File, Format Version 12.00
# Visual Studio Version 16
VisualStudioVersion = 16.0.32602.291
MinimumVisualStudioVersion = 10.0.40219.1
Project("{FAE04EC0-301F-11D3-BF4B-00C04F79EFBC}") = "MindWaveDevice_app", "MindWaveDevice_app\MindWaveDevice_app.csproj", "{5A05D395-7D8C-4B8D-9DE9-895002976A64}"
EndProject
Global
	GlobalSection(SolutionConfigurationPlatforms) = preSolution
		Debug|Any CPU = Debug|Any CPU
		Release|Any CPU = Release|Any CPU
	EndGlobalSection
	GlobalSection(ProjectConfigurationPlatforms) = postSolution
		{5A05D395-7D8C-4B8D-9DE9-895002976A64}.Debug|Any CPU.ActiveCfg = Debug|Any CPU
		{5A05D395-7D8C-4B8D-9DE9-895002976A64}.Debug|Any CPU.Build.0 = Debug|Any CPU
		{5A05D395-7D8C-4B8D-9DE9-895002976A64}.Release|Any CPU.ActiveCfg = Release|Any CPU
		{5A05D395-7D8C-4B8D-9DE9-895002976A64}.Release|Any CPU.Build.0 = Release|Any CPU
	EndGlobalSection
	GlobalSection(SolutionProperties) = preSolution
		HideSolutionNode = FALSE
	EndGlobalSection
	GlobalSection(ExtensibilityGlobals) = postSolution
		SolutionGuid = {3DB8EF36-27F2-46FD-ABC4-4A0B80394C5E}
	EndGlobalSection
EndGlobal
